
Microsoft Visual Studio Solution File, Format Version 12.00
# Visual Studio Version 17
VisualStudioVersion = 17.5.002.0
MinimumVisualStudioVersion = 10.0.40219.1
Project("{9A19103F-16F7-4668-BE54-9A1E7A4F7556}") = "InterfaceStudy", "InterfaceStudy.csproj", "{4D2B0832-60C0-4F51-87B5-EAC49530E650}"
EndProject
Global
	GlobalSection(SolutionConfigurationPlatforms) = preSolution
		Debug|Any CPU = Debug|Any CPU
		Release|Any CPU = Release|Any CPU
	EndGlobalSection
	GlobalSection(ProjectConfigurationPlatforms) = postSolution
		{4D2B0832-60C0-4F51-87B5-EAC49530E650}.Debug|Any CPU.ActiveCfg = Debug|Any CPU
		{4D2B0832-60C0-4F51-87B5-EAC49530E650}.Debug|Any CPU.Build.0 = Debug|Any CPU
		{4D2B0832-60C0-4F51-87B5-EAC49530E650}.Release|Any CPU.ActiveCfg = Release|Any CPU
		{4D2B0832-60C0-4F51-87B5-EAC49530E650}.Release|Any CPU.Build.0 = Release|Any CPU
	EndGlobalSection
	GlobalSection(SolutionProperties) = preSolution
		HideSolutionNode = FALSE
	EndGlobalSection
	GlobalSection(ExtensibilityGlobals) = postSolution
		SolutionGuid = {81E0C222-A42D-4C41-9F38-30163AC34A48}
	EndGlobalSection
EndGlobal
